<Solution>
  <Project Path="SafeExchange.Client.Common/SafeExchange.Client.Common.csproj" />
  <Project Path="SafeExchange.Client.Common.Tests/SafeExchange.Client.Common.Tests.csproj" />
  <Project Path="SafeExchange.Client.Web.Components/SafeExchange.Client.Web.Components.csproj" />
  <Project Path="SafeExchange.Client.Web.Components.Tests/SafeExchange.Client.Web.Components.Tests.csproj" />
  <Project Path="SafeExchange.PWA/SafeExchange.PWA.csproj" />
</Solution>
