
Microsoft Visual Studio Solution File, Format Version 12.00
# Visual Studio Version 17
VisualStudioVersion = 17.0.32112.339
MinimumVisualStudioVersion = 10.0.40219.1
Project("{FAE04EC0-301F-11D3-BF4B-00C04F79EFBC}") = "SafeExchange.Client.Powershell5", "SafeExchange.Client.Powershell5\SafeExchange.Client.Powershell5.csproj", "{87002039-C1B6-48E3-8A95-FEF7360B834B}"
EndProject
Project("{9A19103F-16F7-4668-BE54-9A1E7A4F7556}") = "SafeExchange.Client.Common", "SafeExchange.Client.Common\SafeExchange.Client.Common.csproj", "{6CB60FB1-1800-4137-A302-1664F1C5DD93}"
EndProject
Global
	GlobalSection(SolutionConfigurationPlatforms) = preSolution
		Debug|Any CPU = Debug|Any CPU
		Release|Any CPU = Release|Any CPU
	EndGlobalSection
	GlobalSection(ProjectConfigurationPlatforms) = postSolution
		{87002039-C1B6-48E3-8A95-FEF7360B834B}.Debug|Any CPU.ActiveCfg = Debug|Any CPU
		{87002039-C1B6-48E3-8A95-FEF7360B834B}.Debug|Any CPU.Build.0 = Debug|Any CPU
		{87002039-C1B6-48E3-8A95-FEF7360B834B}.Release|Any CPU.ActiveCfg = Release|Any CPU
		{87002039-C1B6-48E3-8A95-FEF7360B834B}.Release|Any CPU.Build.0 = Release|Any CPU
		{6CB60FB1-1800-4137-A302-1664F1C5DD93}.Debug|Any CPU.ActiveCfg = Debug|Any CPU
		{6CB60FB1-1800-4137-A302-1664F1C5DD93}.Debug|Any CPU.Build.0 = Debug|Any CPU
		{6CB60FB1-1800-4137-A302-1664F1C5DD93}.Release|Any CPU.ActiveCfg = Release|Any CPU
		{6CB60FB1-1800-4137-A302-1664F1C5DD93}.Release|Any CPU.Build.0 = Release|Any CPU
	EndGlobalSection
	GlobalSection(SolutionProperties) = preSolution
		HideSolutionNode = FALSE
	EndGlobalSection
	GlobalSection(ExtensibilityGlobals) = postSolution
		SolutionGuid = {A6063284-1876-413C-9962-A8722DAB1F99}
	EndGlobalSection
EndGlobal
