
Microsoft Visual Studio Solution File, Format Version 12.00
# Visual Studio Version 17
VisualStudioVersion = 17.0.32112.339
MinimumVisualStudioVersion = 10.0.40219.1
Project("{9A19103F-16F7-4668-BE54-9A1E7A4F7556}") = "SafeExchange.Client.Powershell", "SafeExchange.Client.Powershell\SafeExchange.Client.Powershell.csproj", "{3E8C6A0C-6760-4B49-BBE0-DB950CA45FC9}"
EndProject
Project("{9A19103F-16F7-4668-BE54-9A1E7A4F7556}") = "SafeExchange.Client.Common", "SafeExchange.Client.Common\SafeExchange.Client.Common.csproj", "{FD019B6B-532F-405D-B6A0-C0F15F12073B}"
EndProject
Global
	GlobalSection(SolutionConfigurationPlatforms) = preSolution
		Debug|Any CPU = Debug|Any CPU
		Release|Any CPU = Release|Any CPU
	EndGlobalSection
	GlobalSection(ProjectConfigurationPlatforms) = postSolution
		{3E8C6A0C-6760-4B49-BBE0-DB950CA45FC9}.Debug|Any CPU.ActiveCfg = Debug|Any CPU
		{3E8C6A0C-6760-4B49-BBE0-DB950CA45FC9}.Debug|Any CPU.Build.0 = Debug|Any CPU
		{3E8C6A0C-6760-4B49-BBE0-DB950CA45FC9}.Release|Any CPU.ActiveCfg = Release|Any CPU
		{3E8C6A0C-6760-4B49-BBE0-DB950CA45FC9}.Release|Any CPU.Build.0 = Release|Any CPU
		{FD019B6B-532F-405D-B6A0-C0F15F12073B}.Debug|Any CPU.ActiveCfg = Debug|Any CPU
		{FD019B6B-532F-405D-B6A0-C0F15F12073B}.Debug|Any CPU.Build.0 = Debug|Any CPU
		{FD019B6B-532F-405D-B6A0-C0F15F12073B}.Release|Any CPU.ActiveCfg = Release|Any CPU
		{FD019B6B-532F-405D-B6A0-C0F15F12073B}.Release|Any CPU.Build.0 = Release|Any CPU
	EndGlobalSection
	GlobalSection(SolutionProperties) = preSolution
		HideSolutionNode = FALSE
	EndGlobalSection
	GlobalSection(ExtensibilityGlobals) = postSolution
		SolutionGuid = {6E82D6F7-C075-4B04-A333-03EE35CDDBE8}
	EndGlobalSection
EndGlobal
