
Microsoft Visual Studio Solution File, Format Version 12.00
# Visual Studio Version 16
VisualStudioVersion = 16.0.30709.132
MinimumVisualStudioVersion = 10.0.40219.1
Project("{9A19103F-16F7-4668-BE54-9A1E7A4F7556}") = "SafeExchange.BlazorPWA", "SafeExchange.BlazorPWA\SafeExchange.BlazorPWA.csproj", "{FAD1104B-4C69-42DB-95FD-37098A20E781}"
EndProject
Global
	GlobalSection(SolutionConfigurationPlatforms) = preSolution
		Debug|Any CPU = Debug|Any CPU
		Release|Any CPU = Release|Any CPU
	EndGlobalSection
	GlobalSection(ProjectConfigurationPlatforms) = postSolution
		{FAD1104B-4C69-42DB-95FD-37098A20E781}.Debug|Any CPU.ActiveCfg = Debug|Any CPU
		{FAD1104B-4C69-42DB-95FD-37098A20E781}.Debug|Any CPU.Build.0 = Debug|Any CPU
		{FAD1104B-4C69-42DB-95FD-37098A20E781}.Release|Any CPU.ActiveCfg = Release|Any CPU
		{FAD1104B-4C69-42DB-95FD-37098A20E781}.Release|Any CPU.Build.0 = Release|Any CPU
	EndGlobalSection
	GlobalSection(SolutionProperties) = preSolution
		HideSolutionNode = FALSE
	EndGlobalSection
	GlobalSection(ExtensibilityGlobals) = postSolution
		SolutionGuid = {D8E8886E-DCF5-4115-80B9-BF5FA332469D}
	EndGlobalSection
EndGlobal
